{
  "object": {
    "pins": [
      {
        "package": "Par",
        "repositoryURL": "https://github.com/musesum/Par.git",
        "state": {
          "branch": null,
          "revision": "b7a65a44bb352edc5f2101018460b694fd65789c",
          "version": "0.2.4"
        }
      }
    ]
  },
  "version": 1
}
