{
  "object": {
    "pins": [
      {
        "package": "Par",
        "repositoryURL": "https://github.com/musesum/Par.git",
        "state": {
          "branch": null,
          "revision": "7d43c46a77ebcc03f29575d5b865f253796ac5e9",
          "version": "0.1.2"
        }
      }
    ]
  },
  "version": 1
}
