{
  "object": {
    "pins": [
      {
        "package": "Par",
        "repositoryURL": "https://github.com/musesum/Par.git",
        "state": {
          "branch": null,
          "revision": "a24c5081268f7a0720e0b6827169b738d98bf8b4",
          "version": "0.2.0"
        }
      }
    ]
  },
  "version": 1
}
